
Microsoft Visual Studio Solution File, Format Version 12.00
# Visual Studio 15
VisualStudioVersion = 15.0.27428.2005
MinimumVisualStudioVersion = 10.0.40219.1
Project("{FAE04EC0-301F-11D3-BF4B-00C04F79EFBC}") = "demoapp", "demoapp\demoapp.csproj", "{6B3C1801-B213-4DF4-8166-A92D14D78DC8}"
EndProject
Project("{FAE04EC0-301F-11D3-BF4B-00C04F79EFBC}") = "demoapp.Tests", "demoapp.Tests\demoapp.Tests.csproj", "{3083B998-7337-4F72-A0B8-351E3FE7A928}"
EndProject
Global
	GlobalSection(SolutionConfigurationPlatforms) = preSolution
		Debug|Any CPU = Debug|Any CPU
		Release|Any CPU = Release|Any CPU
	EndGlobalSection
	GlobalSection(ProjectConfigurationPlatforms) = postSolution
		{6B3C1801-B213-4DF4-8166-A92D14D78DC8}.Debug|Any CPU.ActiveCfg = Debug|Any CPU
		{6B3C1801-B213-4DF4-8166-A92D14D78DC8}.Debug|Any CPU.Build.0 = Debug|Any CPU
		{6B3C1801-B213-4DF4-8166-A92D14D78DC8}.Release|Any CPU.ActiveCfg = Release|Any CPU
		{6B3C1801-B213-4DF4-8166-A92D14D78DC8}.Release|Any CPU.Build.0 = Release|Any CPU
		{3083B998-7337-4F72-A0B8-351E3FE7A928}.Debug|Any CPU.ActiveCfg = Debug|Any CPU
		{3083B998-7337-4F72-A0B8-351E3FE7A928}.Debug|Any CPU.Build.0 = Debug|Any CPU
		{3083B998-7337-4F72-A0B8-351E3FE7A928}.Release|Any CPU.ActiveCfg = Release|Any CPU
		{3083B998-7337-4F72-A0B8-351E3FE7A928}.Release|Any CPU.Build.0 = Release|Any CPU
	EndGlobalSection
	GlobalSection(SolutionProperties) = preSolution
		HideSolutionNode = FALSE
	EndGlobalSection
	GlobalSection(ExtensibilityGlobals) = postSolution
		SolutionGuid = {654FA371-903B-4CA5-A371-4D76969E3626}
	EndGlobalSection
EndGlobal
